
Microsoft Visual Studio Solution File, Format Version 12.00
# Visual Studio Version 17
VisualStudioVersion = 17.0.32014.148
MinimumVisualStudioVersion = 10.0.40219.1
Project("{2150E333-8FDC-42A3-9474-1A3956D46DE8}") = "Data", "Data", "{7336DF32-E0FF-44EA-A2B8-18866DCB4848}"
EndProject
Project("{2150E333-8FDC-42A3-9474-1A3956D46DE8}") = "Services", "Services", "{61AA43A6-9BCA-4541-9EE9-DC8C182245C0}"
EndProject
Project("{2150E333-8FDC-42A3-9474-1A3956D46DE8}") = "Tests", "Tests", "{81338660-33A7-4572-BF49-1CFBA2DC269A}"
EndProject
Project("{2150E333-8FDC-42A3-9474-1A3956D46DE8}") = "Web", "Web", "{56CECD03-D9F4-4939-82D9-FDC94ED00418}"
EndProject
Project("{9A19103F-16F7-4668-BE54-9A1E7A4F7556}") = "TheProgrammingQuiz.Web.Infrastructure", "TheProgrammingQuiz.Web.Infrastructure\TheProgrammingQuiz.Web.Infrastructure.csproj", "{E329149B-DC50-4646-B120-9468152CD258}"
EndProject
Project("{9A19103F-16F7-4668-BE54-9A1E7A4F7556}") = "TheProgrammingQuiz.Web.ViewModels", "TheProgrammingQuiz.Web.ViewModels\TheProgrammingQuiz.Web.ViewModels.csproj", "{2984D77C-BB93-40AF-9B29-1BFB874E3EC2}"
EndProject
Project("{9A19103F-16F7-4668-BE54-9A1E7A4F7556}") = "TheProgrammingQuiz.Data", "TheProgrammingQuiz.Data\TheProgrammingQuiz.Data.csproj", "{72D79767-D828-4BFA-BB93-7D3F803D985D}"
EndProject
Project("{9A19103F-16F7-4668-BE54-9A1E7A4F7556}") = "TheProgrammingQuiz.Data.Common", "TheProgrammingQuiz.Data.Common\TheProgrammingQuiz.Data.Common.csproj", "{FB299495-A41D-4B86-884F-4A6431EC61DA}"
EndProject
Project("{9A19103F-16F7-4668-BE54-9A1E7A4F7556}") = "TheProgrammingQuiz.Data.Models", "TheProgrammingQuiz.Data.Models\TheProgrammingQuiz.Data.Models.csproj", "{756C589E-557D-4ABF-8BDC-565E53D01223}"
EndProject
Project("{9A19103F-16F7-4668-BE54-9A1E7A4F7556}") = "TheProgrammingQuiz.Services", "TheProgrammingQuiz.Services\TheProgrammingQuiz.Services.csproj", "{3B6F393E-6BFB-4958-82C2-E654B816F139}"
EndProject
Project("{9A19103F-16F7-4668-BE54-9A1E7A4F7556}") = "TheProgrammingQuiz.Services.Data", "TheProgrammingQuiz.Services.Data\TheProgrammingQuiz.Services.Data.csproj", "{A8B8C402-ACFE-45C0-B401-BBC0F1B24F2A}"
EndProject
Project("{9A19103F-16F7-4668-BE54-9A1E7A4F7556}") = "TheProgrammingQuiz.Services.Mapping", "TheProgrammingQuiz.Services.Mapping\TheProgrammingQuiz.Services.Mapping.csproj", "{286BF097-A300-4AE1-9E8E-62B1F3A55354}"
EndProject
Project("{9A19103F-16F7-4668-BE54-9A1E7A4F7556}") = "TheProgrammingQuiz.Services.Messaging", "TheProgrammingQuiz.Services.Messaging\TheProgrammingQuiz.Services.Messaging.csproj", "{778BF8DE-ACB8-4CA8-B576-E4E3AC0EB93D}"
EndProject
Project("{9A19103F-16F7-4668-BE54-9A1E7A4F7556}") = "TheProgrammingQuiz.Common", "TheProgrammingQuiz.Common\TheProgrammingQuiz.Common.csproj", "{6E793519-5F2D-4BC2-9BE6-CCAB2907A67A}"
EndProject
Project("{9A19103F-16F7-4668-BE54-9A1E7A4F7556}") = "TheProgrammingQuiz.Data.Tests", "TheProgrammingQuiz.Data.Tests\TheProgrammingQuiz.Data.Tests.csproj", "{B00A8D2C-9363-4EF9-88F7-A37043A90CAE}"
EndProject
Project("{9A19103F-16F7-4668-BE54-9A1E7A4F7556}") = "TheProgrammingQuiz.Web", "TheProgrammingQuiz\TheProgrammingQuiz.Web.csproj", "{460ED839-3ADA-4153-AB3E-F2421C317036}"
EndProject
Global
	GlobalSection(SolutionConfigurationPlatforms) = preSolution
		Debug|Any CPU = Debug|Any CPU
		Release|Any CPU = Release|Any CPU
	EndGlobalSection
	GlobalSection(ProjectConfigurationPlatforms) = postSolution
		{E329149B-DC50-4646-B120-9468152CD258}.Debug|Any CPU.ActiveCfg = Debug|Any CPU
		{E329149B-DC50-4646-B120-9468152CD258}.Debug|Any CPU.Build.0 = Debug|Any CPU
		{E329149B-DC50-4646-B120-9468152CD258}.Release|Any CPU.ActiveCfg = Debug|Any CPU
		{E329149B-DC50-4646-B120-9468152CD258}.Release|Any CPU.Build.0 = Debug|Any CPU
		{2984D77C-BB93-40AF-9B29-1BFB874E3EC2}.Debug|Any CPU.ActiveCfg = Debug|Any CPU
		{2984D77C-BB93-40AF-9B29-1BFB874E3EC2}.Debug|Any CPU.Build.0 = Debug|Any CPU
		{2984D77C-BB93-40AF-9B29-1BFB874E3EC2}.Release|Any CPU.ActiveCfg = Debug|Any CPU
		{2984D77C-BB93-40AF-9B29-1BFB874E3EC2}.Release|Any CPU.Build.0 = Debug|Any CPU
		{72D79767-D828-4BFA-BB93-7D3F803D985D}.Debug|Any CPU.ActiveCfg = Debug|Any CPU
		{72D79767-D828-4BFA-BB93-7D3F803D985D}.Debug|Any CPU.Build.0 = Debug|Any CPU
		{72D79767-D828-4BFA-BB93-7D3F803D985D}.Release|Any CPU.ActiveCfg = Debug|Any CPU
		{72D79767-D828-4BFA-BB93-7D3F803D985D}.Release|Any CPU.Build.0 = Debug|Any CPU
		{FB299495-A41D-4B86-884F-4A6431EC61DA}.Debug|Any CPU.ActiveCfg = Debug|Any CPU
		{FB299495-A41D-4B86-884F-4A6431EC61DA}.Debug|Any CPU.Build.0 = Debug|Any CPU
		{FB299495-A41D-4B86-884F-4A6431EC61DA}.Release|Any CPU.ActiveCfg = Debug|Any CPU
		{FB299495-A41D-4B86-884F-4A6431EC61DA}.Release|Any CPU.Build.0 = Debug|Any CPU
		{756C589E-557D-4ABF-8BDC-565E53D01223}.Debug|Any CPU.ActiveCfg = Debug|Any CPU
		{756C589E-557D-4ABF-8BDC-565E53D01223}.Debug|Any CPU.Build.0 = Debug|Any CPU
		{756C589E-557D-4ABF-8BDC-565E53D01223}.Release|Any CPU.ActiveCfg = Debug|Any CPU
		{756C589E-557D-4ABF-8BDC-565E53D01223}.Release|Any CPU.Build.0 = Debug|Any CPU
		{3B6F393E-6BFB-4958-82C2-E654B816F139}.Debug|Any CPU.ActiveCfg = Debug|Any CPU
		{3B6F393E-6BFB-4958-82C2-E654B816F139}.Debug|Any CPU.Build.0 = Debug|Any CPU
		{3B6F393E-6BFB-4958-82C2-E654B816F139}.Release|Any CPU.ActiveCfg = Debug|Any CPU
		{3B6F393E-6BFB-4958-82C2-E654B816F139}.Release|Any CPU.Build.0 = Debug|Any CPU
		{A8B8C402-ACFE-45C0-B401-BBC0F1B24F2A}.Debug|Any CPU.ActiveCfg = Debug|Any CPU
		{A8B8C402-ACFE-45C0-B401-BBC0F1B24F2A}.Debug|Any CPU.Build.0 = Debug|Any CPU
		{A8B8C402-ACFE-45C0-B401-BBC0F1B24F2A}.Release|Any CPU.ActiveCfg = Debug|Any CPU
		{A8B8C402-ACFE-45C0-B401-BBC0F1B24F2A}.Release|Any CPU.Build.0 = Debug|Any CPU
		{286BF097-A300-4AE1-9E8E-62B1F3A55354}.Debug|Any CPU.ActiveCfg = Debug|Any CPU
		{286BF097-A300-4AE1-9E8E-62B1F3A55354}.Debug|Any CPU.Build.0 = Debug|Any CPU
		{286BF097-A300-4AE1-9E8E-62B1F3A55354}.Release|Any CPU.ActiveCfg = Debug|Any CPU
		{286BF097-A300-4AE1-9E8E-62B1F3A55354}.Release|Any CPU.Build.0 = Debug|Any CPU
		{778BF8DE-ACB8-4CA8-B576-E4E3AC0EB93D}.Debug|Any CPU.ActiveCfg = Debug|Any CPU
		{778BF8DE-ACB8-4CA8-B576-E4E3AC0EB93D}.Debug|Any CPU.Build.0 = Debug|Any CPU
		{778BF8DE-ACB8-4CA8-B576-E4E3AC0EB93D}.Release|Any CPU.ActiveCfg = Debug|Any CPU
		{778BF8DE-ACB8-4CA8-B576-E4E3AC0EB93D}.Release|Any CPU.Build.0 = Debug|Any CPU
		{6E793519-5F2D-4BC2-9BE6-CCAB2907A67A}.Debug|Any CPU.ActiveCfg = Debug|Any CPU
		{6E793519-5F2D-4BC2-9BE6-CCAB2907A67A}.Debug|Any CPU.Build.0 = Debug|Any CPU
		{6E793519-5F2D-4BC2-9BE6-CCAB2907A67A}.Release|Any CPU.ActiveCfg = Debug|Any CPU
		{6E793519-5F2D-4BC2-9BE6-CCAB2907A67A}.Release|Any CPU.Build.0 = Debug|Any CPU
		{B00A8D2C-9363-4EF9-88F7-A37043A90CAE}.Debug|Any CPU.ActiveCfg = Debug|Any CPU
		{B00A8D2C-9363-4EF9-88F7-A37043A90CAE}.Debug|Any CPU.Build.0 = Debug|Any CPU
		{B00A8D2C-9363-4EF9-88F7-A37043A90CAE}.Release|Any CPU.ActiveCfg = Release|Any CPU
		{B00A8D2C-9363-4EF9-88F7-A37043A90CAE}.Release|Any CPU.Build.0 = Release|Any CPU
		{460ED839-3ADA-4153-AB3E-F2421C317036}.Debug|Any CPU.ActiveCfg = Debug|Any CPU
		{460ED839-3ADA-4153-AB3E-F2421C317036}.Debug|Any CPU.Build.0 = Debug|Any CPU
		{460ED839-3ADA-4153-AB3E-F2421C317036}.Release|Any CPU.ActiveCfg = Release|Any CPU
		{460ED839-3ADA-4153-AB3E-F2421C317036}.Release|Any CPU.Build.0 = Release|Any CPU
	EndGlobalSection
	GlobalSection(SolutionProperties) = preSolution
		HideSolutionNode = FALSE
	EndGlobalSection
	GlobalSection(NestedProjects) = preSolution
		{E329149B-DC50-4646-B120-9468152CD258} = {56CECD03-D9F4-4939-82D9-FDC94ED00418}
		{2984D77C-BB93-40AF-9B29-1BFB874E3EC2} = {56CECD03-D9F4-4939-82D9-FDC94ED00418}
		{72D79767-D828-4BFA-BB93-7D3F803D985D} = {7336DF32-E0FF-44EA-A2B8-18866DCB4848}
		{FB299495-A41D-4B86-884F-4A6431EC61DA} = {7336DF32-E0FF-44EA-A2B8-18866DCB4848}
		{756C589E-557D-4ABF-8BDC-565E53D01223} = {7336DF32-E0FF-44EA-A2B8-18866DCB4848}
		{3B6F393E-6BFB-4958-82C2-E654B816F139} = {61AA43A6-9BCA-4541-9EE9-DC8C182245C0}
		{A8B8C402-ACFE-45C0-B401-BBC0F1B24F2A} = {61AA43A6-9BCA-4541-9EE9-DC8C182245C0}
		{286BF097-A300-4AE1-9E8E-62B1F3A55354} = {61AA43A6-9BCA-4541-9EE9-DC8C182245C0}
		{778BF8DE-ACB8-4CA8-B576-E4E3AC0EB93D} = {61AA43A6-9BCA-4541-9EE9-DC8C182245C0}
		{B00A8D2C-9363-4EF9-88F7-A37043A90CAE} = {81338660-33A7-4572-BF49-1CFBA2DC269A}
		{460ED839-3ADA-4153-AB3E-F2421C317036} = {56CECD03-D9F4-4939-82D9-FDC94ED00418}
	EndGlobalSection
	GlobalSection(ExtensibilityGlobals) = postSolution
		SolutionGuid = {138CAAE6-140A-4263-877A-4BDC0BBA3B38}
	EndGlobalSection
EndGlobal
